<Solution>
  <Project Path="Unity.RenderPipelines.Universal.Runtime.csproj" />
  <Project Path="Unity.RenderPipelines.Universal.2D.Runtime.csproj" />
  <Project Path="Unity.RenderPipelines.Universal.Editor.csproj" />
  <Project Path="PPv2URPConverters.csproj" />
  <Project Path="Crest.csproj" />
  <Project Path="Assembly-CSharp.csproj" />
  <Project Path="HexMap.ECS.csproj" />
  <Project Path="Assembly-CSharp-Editor.csproj" />
  <Project Path="Crest.Examples.csproj" />
  <Project Path="Unity.SmoothNormalTool.Editor.csproj" />
  <Project Path="Crest.Helpers.Editor.csproj" />
  <Project Path="Unity.SmoothNormalTool.Runtime.csproj" />
  <Project Path="Unity.RenderPipeline.Universal.ShaderLibrary.csproj" />
  <Project Path="Unity.RenderPipelines.Universal.Shaders.csproj" />
  <Project Path="Unity.RenderPipelines.Universal.Config.Runtime.csproj" />
</Solution>
